
Microsoft Visual Studio Solution File, Format Version 12.00
# Visual Studio Version 16
VisualStudioVersion = 16.0.30517.126
MinimumVisualStudioVersion = 10.0.40219.1
Project("{FAE04EC0-301F-11D3-BF4B-00C04F79EFBC}") = "Drofsnar", "Drofsnar\Drofsnar.csproj", "{A94D209D-693A-45D5-A87C-510A998E1A42}"
EndProject
Global
	GlobalSection(SolutionConfigurationPlatforms) = preSolution
		Debug|Any CPU = Debug|Any CPU
		Release|Any CPU = Release|Any CPU
	EndGlobalSection
	GlobalSection(ProjectConfigurationPlatforms) = postSolution
		{A94D209D-693A-45D5-A87C-510A998E1A42}.Debug|Any CPU.ActiveCfg = Debug|Any CPU
		{A94D209D-693A-45D5-A87C-510A998E1A42}.Debug|Any CPU.Build.0 = Debug|Any CPU
		{A94D209D-693A-45D5-A87C-510A998E1A42}.Release|Any CPU.ActiveCfg = Release|Any CPU
		{A94D209D-693A-45D5-A87C-510A998E1A42}.Release|Any CPU.Build.0 = Release|Any CPU
	EndGlobalSection
	GlobalSection(SolutionProperties) = preSolution
		HideSolutionNode = FALSE
	EndGlobalSection
	GlobalSection(ExtensibilityGlobals) = postSolution
		SolutionGuid = {FA68A3F6-D3ED-484D-8F33-41843FA0E44E}
	EndGlobalSection
EndGlobal
